
Microsoft Visual Studio Solution File, Format Version 12.00
# Visual Studio Version 17
VisualStudioVersion = 17.4.33213.308
MinimumVisualStudioVersion = 10.0.40219.1
Project("{FAE04EC0-301F-11D3-BF4B-00C04F79EFBC}") = "Nesrted for loop 3", "Nesrted for loop 3\Nesrted for loop 3.csproj", "{A9969A2B-8313-4B65-A7AD-3F27AC339D0C}"
EndProject
Global
	GlobalSection(SolutionConfigurationPlatforms) = preSolution
		Debug|Any CPU = Debug|Any CPU
		Release|Any CPU = Release|Any CPU
	EndGlobalSection
	GlobalSection(ProjectConfigurationPlatforms) = postSolution
		{A9969A2B-8313-4B65-A7AD-3F27AC339D0C}.Debug|Any CPU.ActiveCfg = Debug|Any CPU
		{A9969A2B-8313-4B65-A7AD-3F27AC339D0C}.Debug|Any CPU.Build.0 = Debug|Any CPU
		{A9969A2B-8313-4B65-A7AD-3F27AC339D0C}.Release|Any CPU.ActiveCfg = Release|Any CPU
		{A9969A2B-8313-4B65-A7AD-3F27AC339D0C}.Release|Any CPU.Build.0 = Release|Any CPU
	EndGlobalSection
	GlobalSection(SolutionProperties) = preSolution
		HideSolutionNode = FALSE
	EndGlobalSection
	GlobalSection(ExtensibilityGlobals) = postSolution
		SolutionGuid = {429C1031-6C60-41DE-93A6-FA9363DFEE62}
	EndGlobalSection
EndGlobal
